{
  "requires": true,
  "lockfileVersion": 1,
  "dependencies": {
    "events": {
      "version": "file:http:/registry.npm.taobao.org/events/download/events-3.0.0.tgz"
    },
    "inherits": {
      "version": "2.0.3",
      "resolved": "http://registry.npm.taobao.org/inherits/download/inherits-2.0.3.tgz",
      "integrity": "sha1-Yzwsg+PaQqUC9SRmAiSA9CCCYd4="
    },
    "net": {
      "version": "file:http:/registry.npm.taobao.org/net/download/net-1.0.2.tgz"
    },
    "util": {
      "version": "0.11.1",
      "resolved": "http://registry.npm.taobao.org/util/download/util-0.11.1.tgz",
      "integrity": "sha1-MjZzNyDsZLsn9uJvQhqqLhtYjWE=",
      "requires": {
        "inherits": "2.0.3"
      }
    }
  }
}
